
Microsoft Visual Studio Solution File, Format Version 12.00
# Visual Studio Version 17
VisualStudioVersion = 17.14.36429.23
MinimumVisualStudioVersion = 10.0.40219.1
Project("{2150E333-8FDC-42A3-9474-1A3956D46DE8}") = "src", "src", "{02EA681E-C7D8-13C7-8484-4AC65E1B71E8}"
EndProject
Project("{FAE04EC0-301F-11D3-BF4B-00C04F79EFBC}") = "Application", "Application\Application.csproj", "{3B5300FD-0C69-436F-80D6-F787D0AD35DB}"
EndProject
Project("{FAE04EC0-301F-11D3-BF4B-00C04F79EFBC}") = "Common", "Common\Common.csproj", "{20E873F7-6E7C-4C12-8192-2DB65E589155}"
EndProject
Project("{FAE04EC0-301F-11D3-BF4B-00C04F79EFBC}") = "Domain", "Domain\Domain.csproj", "{58EB95B7-653A-441C-9DB9-689C93217152}"
EndProject
Project("{FAE04EC0-301F-11D3-BF4B-00C04F79EFBC}") = "DTO", "DTOs\DTO.csproj", "{D45F2A76-45DC-4F5A-BC59-90730BF63F97}"
EndProject
Project("{FAE04EC0-301F-11D3-BF4B-00C04F79EFBC}") = "Infrastructure", "Infrastructure\Infrastructure.csproj", "{D33BEF94-9B38-4531-A455-B0534EE9B835}"
EndProject
Project("{FAE04EC0-301F-11D3-BF4B-00C04F79EFBC}") = "Presentation", "Presentation\Presentation.csproj", "{98CB6E06-B21A-421A-ACD7-EDB232A55017}"
EndProject
Project("{FAE04EC0-301F-11D3-BF4B-00C04F79EFBC}") = "Tests", "Tests\Tests.csproj", "{F6B3F5CA-4092-42EE-837F-8220E48A1FA7}"
EndProject
Global
	GlobalSection(SolutionConfigurationPlatforms) = preSolution
		Debug|Any CPU = Debug|Any CPU
		Release|Any CPU = Release|Any CPU
	EndGlobalSection
	GlobalSection(ProjectConfigurationPlatforms) = postSolution
		{3B5300FD-0C69-436F-80D6-F787D0AD35DB}.Debug|Any CPU.ActiveCfg = Debug|Any CPU
		{3B5300FD-0C69-436F-80D6-F787D0AD35DB}.Debug|Any CPU.Build.0 = Debug|Any CPU
		{3B5300FD-0C69-436F-80D6-F787D0AD35DB}.Release|Any CPU.ActiveCfg = Release|Any CPU
		{3B5300FD-0C69-436F-80D6-F787D0AD35DB}.Release|Any CPU.Build.0 = Release|Any CPU
		{20E873F7-6E7C-4C12-8192-2DB65E589155}.Debug|Any CPU.ActiveCfg = Debug|Any CPU
		{20E873F7-6E7C-4C12-8192-2DB65E589155}.Debug|Any CPU.Build.0 = Debug|Any CPU
		{20E873F7-6E7C-4C12-8192-2DB65E589155}.Release|Any CPU.ActiveCfg = Release|Any CPU
		{20E873F7-6E7C-4C12-8192-2DB65E589155}.Release|Any CPU.Build.0 = Release|Any CPU
		{58EB95B7-653A-441C-9DB9-689C93217152}.Debug|Any CPU.ActiveCfg = Debug|Any CPU
		{58EB95B7-653A-441C-9DB9-689C93217152}.Debug|Any CPU.Build.0 = Debug|Any CPU
		{58EB95B7-653A-441C-9DB9-689C93217152}.Release|Any CPU.ActiveCfg = Release|Any CPU
		{58EB95B7-653A-441C-9DB9-689C93217152}.Release|Any CPU.Build.0 = Release|Any CPU
		{D45F2A76-45DC-4F5A-BC59-90730BF63F97}.Debug|Any CPU.ActiveCfg = Debug|Any CPU
		{D45F2A76-45DC-4F5A-BC59-90730BF63F97}.Debug|Any CPU.Build.0 = Debug|Any CPU
		{D45F2A76-45DC-4F5A-BC59-90730BF63F97}.Release|Any CPU.ActiveCfg = Release|Any CPU
		{D45F2A76-45DC-4F5A-BC59-90730BF63F97}.Release|Any CPU.Build.0 = Release|Any CPU
		{D33BEF94-9B38-4531-A455-B0534EE9B835}.Debug|Any CPU.ActiveCfg = Debug|Any CPU
		{D33BEF94-9B38-4531-A455-B0534EE9B835}.Debug|Any CPU.Build.0 = Debug|Any CPU
		{D33BEF94-9B38-4531-A455-B0534EE9B835}.Release|Any CPU.ActiveCfg = Release|Any CPU
		{D33BEF94-9B38-4531-A455-B0534EE9B835}.Release|Any CPU.Build.0 = Release|Any CPU
		{98CB6E06-B21A-421A-ACD7-EDB232A55017}.Debug|Any CPU.ActiveCfg = Debug|Any CPU
		{98CB6E06-B21A-421A-ACD7-EDB232A55017}.Debug|Any CPU.Build.0 = Debug|Any CPU
		{98CB6E06-B21A-421A-ACD7-EDB232A55017}.Release|Any CPU.ActiveCfg = Release|Any CPU
		{98CB6E06-B21A-421A-ACD7-EDB232A55017}.Release|Any CPU.Build.0 = Release|Any CPU
		{F6B3F5CA-4092-42EE-837F-8220E48A1FA7}.Debug|Any CPU.ActiveCfg = Debug|Any CPU
		{F6B3F5CA-4092-42EE-837F-8220E48A1FA7}.Debug|Any CPU.Build.0 = Debug|Any CPU
		{F6B3F5CA-4092-42EE-837F-8220E48A1FA7}.Release|Any CPU.ActiveCfg = Release|Any CPU
		{F6B3F5CA-4092-42EE-837F-8220E48A1FA7}.Release|Any CPU.Build.0 = Release|Any CPU
	EndGlobalSection
	GlobalSection(SolutionProperties) = preSolution
		HideSolutionNode = FALSE
	EndGlobalSection
	GlobalSection(NestedProjects) = preSolution
		{3B5300FD-0C69-436F-80D6-F787D0AD35DB} = {02EA681E-C7D8-13C7-8484-4AC65E1B71E8}
		{20E873F7-6E7C-4C12-8192-2DB65E589155} = {02EA681E-C7D8-13C7-8484-4AC65E1B71E8}
		{58EB95B7-653A-441C-9DB9-689C93217152} = {02EA681E-C7D8-13C7-8484-4AC65E1B71E8}
		{D45F2A76-45DC-4F5A-BC59-90730BF63F97} = {02EA681E-C7D8-13C7-8484-4AC65E1B71E8}
		{D33BEF94-9B38-4531-A455-B0534EE9B835} = {02EA681E-C7D8-13C7-8484-4AC65E1B71E8}
		{98CB6E06-B21A-421A-ACD7-EDB232A55017} = {02EA681E-C7D8-13C7-8484-4AC65E1B71E8}
		{F6B3F5CA-4092-42EE-837F-8220E48A1FA7} = {02EA681E-C7D8-13C7-8484-4AC65E1B71E8}
	EndGlobalSection
	GlobalSection(ExtensibilityGlobals) = postSolution
		SolutionGuid = {74712114-D66A-4742-BD73-4CA11C9CE59E}
	EndGlobalSection
EndGlobal
